
Microsoft Visual Studio Solution File, Format Version 12.00
# Visual Studio 15
VisualStudioVersion = 15.0.28307.438
MinimumVisualStudioVersion = 10.0.40219.1
Project("{FAE04EC0-301F-11D3-BF4B-00C04F79EFBC}") = "PelnomocnikWzorzec", "PelnomocnikWzorzec\PelnomocnikWzorzec.csproj", "{C9AFCE40-5B56-4F03-B729-322C6568D33C}"
EndProject
Global
	GlobalSection(SolutionConfigurationPlatforms) = preSolution
		Debug|Any CPU = Debug|Any CPU
		Release|Any CPU = Release|Any CPU
	EndGlobalSection
	GlobalSection(ProjectConfigurationPlatforms) = postSolution
		{C9AFCE40-5B56-4F03-B729-322C6568D33C}.Debug|Any CPU.ActiveCfg = Debug|Any CPU
		{C9AFCE40-5B56-4F03-B729-322C6568D33C}.Debug|Any CPU.Build.0 = Debug|Any CPU
		{C9AFCE40-5B56-4F03-B729-322C6568D33C}.Release|Any CPU.ActiveCfg = Release|Any CPU
		{C9AFCE40-5B56-4F03-B729-322C6568D33C}.Release|Any CPU.Build.0 = Release|Any CPU
	EndGlobalSection
	GlobalSection(SolutionProperties) = preSolution
		HideSolutionNode = FALSE
	EndGlobalSection
	GlobalSection(ExtensibilityGlobals) = postSolution
		SolutionGuid = {54C42938-E892-4A31-B425-3E8B43F69C98}
	EndGlobalSection
EndGlobal
