
Microsoft Visual Studio Solution File, Format Version 12.00
# Visual Studio 15
VisualStudioVersion = 15.0.28307.572
MinimumVisualStudioVersion = 10.0.40219.1
Project("{FAE04EC0-301F-11D3-BF4B-00C04F79EFBC}") = "Delegaty3", "Delegaty3\Delegaty3.csproj", "{D67DA924-BA03-46E9-B812-6A835236EF51}"
EndProject
Global
	GlobalSection(SolutionConfigurationPlatforms) = preSolution
		Debug|Any CPU = Debug|Any CPU
		Release|Any CPU = Release|Any CPU
	EndGlobalSection
	GlobalSection(ProjectConfigurationPlatforms) = postSolution
		{D67DA924-BA03-46E9-B812-6A835236EF51}.Debug|Any CPU.ActiveCfg = Debug|Any CPU
		{D67DA924-BA03-46E9-B812-6A835236EF51}.Debug|Any CPU.Build.0 = Debug|Any CPU
		{D67DA924-BA03-46E9-B812-6A835236EF51}.Release|Any CPU.ActiveCfg = Release|Any CPU
		{D67DA924-BA03-46E9-B812-6A835236EF51}.Release|Any CPU.Build.0 = Release|Any CPU
	EndGlobalSection
	GlobalSection(SolutionProperties) = preSolution
		HideSolutionNode = FALSE
	EndGlobalSection
	GlobalSection(ExtensibilityGlobals) = postSolution
		SolutionGuid = {705F3931-3887-48EB-8312-023BAF566255}
	EndGlobalSection
EndGlobal
