
Microsoft Visual Studio Solution File, Format Version 12.00
# Visual Studio 15
VisualStudioVersion = 15.0.28307.572
MinimumVisualStudioVersion = 10.0.40219.1
Project("{FAE04EC0-301F-11D3-BF4B-00C04F79EFBC}") = "Watki1", "Watki1\Watki1.csproj", "{CCE0DE20-DED8-4C33-B3E5-3FCA99CC6B32}"
EndProject
Global
	GlobalSection(SolutionConfigurationPlatforms) = preSolution
		Debug|Any CPU = Debug|Any CPU
		Release|Any CPU = Release|Any CPU
	EndGlobalSection
	GlobalSection(ProjectConfigurationPlatforms) = postSolution
		{CCE0DE20-DED8-4C33-B3E5-3FCA99CC6B32}.Debug|Any CPU.ActiveCfg = Debug|Any CPU
		{CCE0DE20-DED8-4C33-B3E5-3FCA99CC6B32}.Debug|Any CPU.Build.0 = Debug|Any CPU
		{CCE0DE20-DED8-4C33-B3E5-3FCA99CC6B32}.Release|Any CPU.ActiveCfg = Release|Any CPU
		{CCE0DE20-DED8-4C33-B3E5-3FCA99CC6B32}.Release|Any CPU.Build.0 = Release|Any CPU
	EndGlobalSection
	GlobalSection(SolutionProperties) = preSolution
		HideSolutionNode = FALSE
	EndGlobalSection
	GlobalSection(ExtensibilityGlobals) = postSolution
		SolutionGuid = {7D86D6DE-5AFA-474C-903D-043BAF952CC3}
	EndGlobalSection
EndGlobal
