
Microsoft Visual Studio Solution File, Format Version 12.00
# Visual Studio 15
VisualStudioVersion = 15.0.28307.572
MinimumVisualStudioVersion = 10.0.40219.1
Project("{FAE04EC0-301F-11D3-BF4B-00C04F79EFBC}") = "Solid1", "Solid1\Solid1.csproj", "{EA425D4F-A183-4C7F-B5F7-3AE4B6825C2E}"
EndProject
Global
	GlobalSection(SolutionConfigurationPlatforms) = preSolution
		Debug|Any CPU = Debug|Any CPU
		Release|Any CPU = Release|Any CPU
	EndGlobalSection
	GlobalSection(ProjectConfigurationPlatforms) = postSolution
		{EA425D4F-A183-4C7F-B5F7-3AE4B6825C2E}.Debug|Any CPU.ActiveCfg = Debug|Any CPU
		{EA425D4F-A183-4C7F-B5F7-3AE4B6825C2E}.Debug|Any CPU.Build.0 = Debug|Any CPU
		{EA425D4F-A183-4C7F-B5F7-3AE4B6825C2E}.Release|Any CPU.ActiveCfg = Release|Any CPU
		{EA425D4F-A183-4C7F-B5F7-3AE4B6825C2E}.Release|Any CPU.Build.0 = Release|Any CPU
	EndGlobalSection
	GlobalSection(SolutionProperties) = preSolution
		HideSolutionNode = FALSE
	EndGlobalSection
	GlobalSection(ExtensibilityGlobals) = postSolution
		SolutionGuid = {973AFD32-A9F0-42AD-A770-A76052489A95}
	EndGlobalSection
EndGlobal
