
Microsoft Visual Studio Solution File, Format Version 12.00
# Visual Studio 15
VisualStudioVersion = 15.0.28307.572
MinimumVisualStudioVersion = 10.0.40219.1
Project("{FAE04EC0-301F-11D3-BF4B-00C04F79EFBC}") = "Atrybuty2", "Atrybuty2\Atrybuty2.csproj", "{65DBF453-D625-46AC-AFAA-AE588ACF2078}"
EndProject
Global
	GlobalSection(SolutionConfigurationPlatforms) = preSolution
		Debug|Any CPU = Debug|Any CPU
		Release|Any CPU = Release|Any CPU
	EndGlobalSection
	GlobalSection(ProjectConfigurationPlatforms) = postSolution
		{65DBF453-D625-46AC-AFAA-AE588ACF2078}.Debug|Any CPU.ActiveCfg = Debug|Any CPU
		{65DBF453-D625-46AC-AFAA-AE588ACF2078}.Debug|Any CPU.Build.0 = Debug|Any CPU
		{65DBF453-D625-46AC-AFAA-AE588ACF2078}.Release|Any CPU.ActiveCfg = Release|Any CPU
		{65DBF453-D625-46AC-AFAA-AE588ACF2078}.Release|Any CPU.Build.0 = Release|Any CPU
	EndGlobalSection
	GlobalSection(SolutionProperties) = preSolution
		HideSolutionNode = FALSE
	EndGlobalSection
	GlobalSection(ExtensibilityGlobals) = postSolution
		SolutionGuid = {7CB5BE53-38FF-4F40-BC52-268D29C084E1}
	EndGlobalSection
EndGlobal
