
Microsoft Visual Studio Solution File, Format Version 12.00
# Visual Studio 15
VisualStudioVersion = 15.0.28307.438
MinimumVisualStudioVersion = 10.0.40219.1
Project("{FAE04EC0-301F-11D3-BF4B-00C04F79EFBC}") = "Obserwator", "Obserwator\Obserwator.csproj", "{DF5CF8E3-8623-4C84-A691-053E60CE578B}"
EndProject
Global
	GlobalSection(SolutionConfigurationPlatforms) = preSolution
		Debug|Any CPU = Debug|Any CPU
		Release|Any CPU = Release|Any CPU
	EndGlobalSection
	GlobalSection(ProjectConfigurationPlatforms) = postSolution
		{DF5CF8E3-8623-4C84-A691-053E60CE578B}.Debug|Any CPU.ActiveCfg = Debug|Any CPU
		{DF5CF8E3-8623-4C84-A691-053E60CE578B}.Debug|Any CPU.Build.0 = Debug|Any CPU
		{DF5CF8E3-8623-4C84-A691-053E60CE578B}.Release|Any CPU.ActiveCfg = Release|Any CPU
		{DF5CF8E3-8623-4C84-A691-053E60CE578B}.Release|Any CPU.Build.0 = Release|Any CPU
	EndGlobalSection
	GlobalSection(SolutionProperties) = preSolution
		HideSolutionNode = FALSE
	EndGlobalSection
	GlobalSection(ExtensibilityGlobals) = postSolution
		SolutionGuid = {6325B564-C3BE-4164-92F7-63593250B1D5}
	EndGlobalSection
EndGlobal
