
Microsoft Visual Studio Solution File, Format Version 12.00
# Visual Studio 15
VisualStudioVersion = 15.0.28307.572
MinimumVisualStudioVersion = 10.0.40219.1
Project("{FAE04EC0-301F-11D3-BF4B-00C04F79EFBC}") = "Refleksja4", "Refleksja4\Refleksja4.csproj", "{1BBA5B46-E6E5-4214-B005-1956FE5D1C5E}"
EndProject
Global
	GlobalSection(SolutionConfigurationPlatforms) = preSolution
		Debug|Any CPU = Debug|Any CPU
		Release|Any CPU = Release|Any CPU
	EndGlobalSection
	GlobalSection(ProjectConfigurationPlatforms) = postSolution
		{1BBA5B46-E6E5-4214-B005-1956FE5D1C5E}.Debug|Any CPU.ActiveCfg = Debug|Any CPU
		{1BBA5B46-E6E5-4214-B005-1956FE5D1C5E}.Debug|Any CPU.Build.0 = Debug|Any CPU
		{1BBA5B46-E6E5-4214-B005-1956FE5D1C5E}.Release|Any CPU.ActiveCfg = Release|Any CPU
		{1BBA5B46-E6E5-4214-B005-1956FE5D1C5E}.Release|Any CPU.Build.0 = Release|Any CPU
	EndGlobalSection
	GlobalSection(SolutionProperties) = preSolution
		HideSolutionNode = FALSE
	EndGlobalSection
	GlobalSection(ExtensibilityGlobals) = postSolution
		SolutionGuid = {8018B262-DB48-4F4C-A0DC-4B059B57A65F}
	EndGlobalSection
EndGlobal
