
Microsoft Visual Studio Solution File, Format Version 12.00
# Visual Studio 15
VisualStudioVersion = 15.0.28307.572
MinimumVisualStudioVersion = 10.0.40219.1
Project("{FAE04EC0-301F-11D3-BF4B-00C04F79EFBC}") = "Watki11", "Watki11\Watki11.csproj", "{901FB79C-2190-4BA5-BF60-AF46A5BC9BF7}"
EndProject
Global
	GlobalSection(SolutionConfigurationPlatforms) = preSolution
		Debug|Any CPU = Debug|Any CPU
		Release|Any CPU = Release|Any CPU
	EndGlobalSection
	GlobalSection(ProjectConfigurationPlatforms) = postSolution
		{901FB79C-2190-4BA5-BF60-AF46A5BC9BF7}.Debug|Any CPU.ActiveCfg = Debug|Any CPU
		{901FB79C-2190-4BA5-BF60-AF46A5BC9BF7}.Debug|Any CPU.Build.0 = Debug|Any CPU
		{901FB79C-2190-4BA5-BF60-AF46A5BC9BF7}.Release|Any CPU.ActiveCfg = Release|Any CPU
		{901FB79C-2190-4BA5-BF60-AF46A5BC9BF7}.Release|Any CPU.Build.0 = Release|Any CPU
	EndGlobalSection
	GlobalSection(SolutionProperties) = preSolution
		HideSolutionNode = FALSE
	EndGlobalSection
	GlobalSection(ExtensibilityGlobals) = postSolution
		SolutionGuid = {E59CF524-8EFD-478E-9F0E-98A2F01AF3B4}
	EndGlobalSection
EndGlobal
