
Microsoft Visual Studio Solution File, Format Version 12.00
# Visual Studio 15
VisualStudioVersion = 15.0.28307.572
MinimumVisualStudioVersion = 10.0.40219.1
Project("{FAE04EC0-301F-11D3-BF4B-00C04F79EFBC}") = "TestyJednostkowe1", "TestyJednostkowe1\TestyJednostkowe1.csproj", "{A3F26A65-6AA6-4389-A5A8-F802BF579FCE}"
EndProject
Project("{FAE04EC0-301F-11D3-BF4B-00C04F79EFBC}") = "Testy", "Testy\Testy.csproj", "{DC15C19F-07D0-4543-8212-177BCB173E51}"
EndProject
Global
	GlobalSection(SolutionConfigurationPlatforms) = preSolution
		Debug|Any CPU = Debug|Any CPU
		Release|Any CPU = Release|Any CPU
	EndGlobalSection
	GlobalSection(ProjectConfigurationPlatforms) = postSolution
		{A3F26A65-6AA6-4389-A5A8-F802BF579FCE}.Debug|Any CPU.ActiveCfg = Debug|Any CPU
		{A3F26A65-6AA6-4389-A5A8-F802BF579FCE}.Debug|Any CPU.Build.0 = Debug|Any CPU
		{A3F26A65-6AA6-4389-A5A8-F802BF579FCE}.Release|Any CPU.ActiveCfg = Release|Any CPU
		{A3F26A65-6AA6-4389-A5A8-F802BF579FCE}.Release|Any CPU.Build.0 = Release|Any CPU
		{DC15C19F-07D0-4543-8212-177BCB173E51}.Debug|Any CPU.ActiveCfg = Debug|Any CPU
		{DC15C19F-07D0-4543-8212-177BCB173E51}.Debug|Any CPU.Build.0 = Debug|Any CPU
		{DC15C19F-07D0-4543-8212-177BCB173E51}.Release|Any CPU.ActiveCfg = Release|Any CPU
		{DC15C19F-07D0-4543-8212-177BCB173E51}.Release|Any CPU.Build.0 = Release|Any CPU
	EndGlobalSection
	GlobalSection(SolutionProperties) = preSolution
		HideSolutionNode = FALSE
	EndGlobalSection
	GlobalSection(ExtensibilityGlobals) = postSolution
		SolutionGuid = {11FD37E6-E2D0-44A4-9E0F-8EDF424CE028}
	EndGlobalSection
EndGlobal
