
Microsoft Visual Studio Solution File, Format Version 12.00
# Visual Studio 15
VisualStudioVersion = 15.0.28307.572
MinimumVisualStudioVersion = 10.0.40219.1
Project("{FAE04EC0-301F-11D3-BF4B-00C04F79EFBC}") = "Assercja", "Assercja\Assercja.csproj", "{CED38E37-9ECD-4B84-BAC1-F36E9B62227E}"
EndProject
Global
	GlobalSection(SolutionConfigurationPlatforms) = preSolution
		Debug|Any CPU = Debug|Any CPU
		Release|Any CPU = Release|Any CPU
	EndGlobalSection
	GlobalSection(ProjectConfigurationPlatforms) = postSolution
		{CED38E37-9ECD-4B84-BAC1-F36E9B62227E}.Debug|Any CPU.ActiveCfg = Debug|Any CPU
		{CED38E37-9ECD-4B84-BAC1-F36E9B62227E}.Debug|Any CPU.Build.0 = Debug|Any CPU
		{CED38E37-9ECD-4B84-BAC1-F36E9B62227E}.Release|Any CPU.ActiveCfg = Release|Any CPU
		{CED38E37-9ECD-4B84-BAC1-F36E9B62227E}.Release|Any CPU.Build.0 = Release|Any CPU
	EndGlobalSection
	GlobalSection(SolutionProperties) = preSolution
		HideSolutionNode = FALSE
	EndGlobalSection
	GlobalSection(ExtensibilityGlobals) = postSolution
		SolutionGuid = {D534601E-3E8B-43EA-8A05-88D4EEDAEB43}
	EndGlobalSection
EndGlobal
