
Microsoft Visual Studio Solution File, Format Version 12.00
# Visual Studio 15
VisualStudioVersion = 15.0.28307.438
MinimumVisualStudioVersion = 10.0.40219.1
Project("{FAE04EC0-301F-11D3-BF4B-00C04F79EFBC}") = "Polecenie", "Polecenie\Polecenie.csproj", "{6993A626-6BAE-4F47-BC22-6381579085EA}"
EndProject
Global
	GlobalSection(SolutionConfigurationPlatforms) = preSolution
		Debug|Any CPU = Debug|Any CPU
		Release|Any CPU = Release|Any CPU
	EndGlobalSection
	GlobalSection(ProjectConfigurationPlatforms) = postSolution
		{6993A626-6BAE-4F47-BC22-6381579085EA}.Debug|Any CPU.ActiveCfg = Debug|Any CPU
		{6993A626-6BAE-4F47-BC22-6381579085EA}.Debug|Any CPU.Build.0 = Debug|Any CPU
		{6993A626-6BAE-4F47-BC22-6381579085EA}.Release|Any CPU.ActiveCfg = Release|Any CPU
		{6993A626-6BAE-4F47-BC22-6381579085EA}.Release|Any CPU.Build.0 = Release|Any CPU
	EndGlobalSection
	GlobalSection(SolutionProperties) = preSolution
		HideSolutionNode = FALSE
	EndGlobalSection
	GlobalSection(ExtensibilityGlobals) = postSolution
		SolutionGuid = {D073D29F-0DEC-44A8-BEF1-497868D407AD}
	EndGlobalSection
EndGlobal
