
Microsoft Visual Studio Solution File, Format Version 12.00
# Visual Studio 15
VisualStudioVersion = 15.0.28307.438
MinimumVisualStudioVersion = 10.0.40219.1
Project("{FAE04EC0-301F-11D3-BF4B-00C04F79EFBC}") = "InterpreterWzorzec", "InterpreterWzorzec\InterpreterWzorzec.csproj", "{C6CC184F-6542-4C3C-ADA5-6BFA58DF9C62}"
EndProject
Global
	GlobalSection(SolutionConfigurationPlatforms) = preSolution
		Debug|Any CPU = Debug|Any CPU
		Release|Any CPU = Release|Any CPU
	EndGlobalSection
	GlobalSection(ProjectConfigurationPlatforms) = postSolution
		{C6CC184F-6542-4C3C-ADA5-6BFA58DF9C62}.Debug|Any CPU.ActiveCfg = Debug|Any CPU
		{C6CC184F-6542-4C3C-ADA5-6BFA58DF9C62}.Debug|Any CPU.Build.0 = Debug|Any CPU
		{C6CC184F-6542-4C3C-ADA5-6BFA58DF9C62}.Release|Any CPU.ActiveCfg = Release|Any CPU
		{C6CC184F-6542-4C3C-ADA5-6BFA58DF9C62}.Release|Any CPU.Build.0 = Release|Any CPU
	EndGlobalSection
	GlobalSection(SolutionProperties) = preSolution
		HideSolutionNode = FALSE
	EndGlobalSection
	GlobalSection(ExtensibilityGlobals) = postSolution
		SolutionGuid = {04AA8DFD-A831-475F-8145-D310C52B62F9}
	EndGlobalSection
EndGlobal
