
Microsoft Visual Studio Solution File, Format Version 12.00
# Visual Studio 15
VisualStudioVersion = 15.0.28307.572
MinimumVisualStudioVersion = 10.0.40219.1
Project("{FAE04EC0-301F-11D3-BF4B-00C04F79EFBC}") = "Watki13", "Watki13\Watki13.csproj", "{0B8B43C9-EA5B-4A38-8D60-CD629ED4808F}"
EndProject
Global
	GlobalSection(SolutionConfigurationPlatforms) = preSolution
		Debug|Any CPU = Debug|Any CPU
		Release|Any CPU = Release|Any CPU
	EndGlobalSection
	GlobalSection(ProjectConfigurationPlatforms) = postSolution
		{0B8B43C9-EA5B-4A38-8D60-CD629ED4808F}.Debug|Any CPU.ActiveCfg = Debug|Any CPU
		{0B8B43C9-EA5B-4A38-8D60-CD629ED4808F}.Debug|Any CPU.Build.0 = Debug|Any CPU
		{0B8B43C9-EA5B-4A38-8D60-CD629ED4808F}.Release|Any CPU.ActiveCfg = Release|Any CPU
		{0B8B43C9-EA5B-4A38-8D60-CD629ED4808F}.Release|Any CPU.Build.0 = Release|Any CPU
	EndGlobalSection
	GlobalSection(SolutionProperties) = preSolution
		HideSolutionNode = FALSE
	EndGlobalSection
	GlobalSection(ExtensibilityGlobals) = postSolution
		SolutionGuid = {ABAA2C40-1C43-4AE0-A2D1-19F23FB3191D}
	EndGlobalSection
EndGlobal
